
Microsoft Visual Studio Solution File, Format Version 12.00
# Visual Studio Version 17
VisualStudioVersion = 17.14.36811.4 d17.14
MinimumVisualStudioVersion = 10.0.40219.1
Project("{FAE04EC0-301F-11D3-BF4B-00C04F79EFBC}") = "C# project", "C# project.csproj", "{AC085AC9-B4F0-43E3-8248-EE9B4726E974}"
EndProject
Global
	GlobalSection(SolutionConfigurationPlatforms) = preSolution
		Debug|Any CPU = Debug|Any CPU
		Release|Any CPU = Release|Any CPU
	EndGlobalSection
	GlobalSection(ProjectConfigurationPlatforms) = postSolution
		{AC085AC9-B4F0-43E3-8248-EE9B4726E974}.Debug|Any CPU.ActiveCfg = Debug|Any CPU
		{AC085AC9-B4F0-43E3-8248-EE9B4726E974}.Debug|Any CPU.Build.0 = Debug|Any CPU
		{AC085AC9-B4F0-43E3-8248-EE9B4726E974}.Release|Any CPU.ActiveCfg = Release|Any CPU
		{AC085AC9-B4F0-43E3-8248-EE9B4726E974}.Release|Any CPU.Build.0 = Release|Any CPU
	EndGlobalSection
	GlobalSection(SolutionProperties) = preSolution
		HideSolutionNode = FALSE
	EndGlobalSection
	GlobalSection(ExtensibilityGlobals) = postSolution
		SolutionGuid = {936F8084-087A-4BC2-A0BB-EFBA578D573D}
	EndGlobalSection
EndGlobal
